
Microsoft Visual Studio Solution File, Format Version 12.00
# Visual Studio Version 17
VisualStudioVersion = 17.12.35514.174 d17.12
MinimumVisualStudioVersion = 10.0.40219.1
Project("{FAE04EC0-301F-11D3-BF4B-00C04F79EFBC}") = "MovieTicket.API", "MovieTicket\MovieTicket.API.csproj", "{B33D76D2-8F47-4D09-852E-ED2F245D6851}"
EndProject
Project("{FAE04EC0-301F-11D3-BF4B-00C04F79EFBC}") = "MovieTicket.Core", "ClassLibrary1\MovieTicket.Core.csproj", "{C49F2F37-6413-4D39-8602-A0A9E34A06D5}"
EndProject
Project("{FAE04EC0-301F-11D3-BF4B-00C04F79EFBC}") = "MovieTicket.DataAccess", "TicketProject.DataAccess\MovieTicket.DataAccess.csproj", "{D5866461-416A-4841-8F44-544908A0DD25}"
EndProject
Global
	GlobalSection(SolutionConfigurationPlatforms) = preSolution
		Debug|Any CPU = Debug|Any CPU
		Release|Any CPU = Release|Any CPU
	EndGlobalSection
	GlobalSection(ProjectConfigurationPlatforms) = postSolution
		{B33D76D2-8F47-4D09-852E-ED2F245D6851}.Debug|Any CPU.ActiveCfg = Debug|Any CPU
		{B33D76D2-8F47-4D09-852E-ED2F245D6851}.Debug|Any CPU.Build.0 = Debug|Any CPU
		{B33D76D2-8F47-4D09-852E-ED2F245D6851}.Release|Any CPU.ActiveCfg = Release|Any CPU
		{B33D76D2-8F47-4D09-852E-ED2F245D6851}.Release|Any CPU.Build.0 = Release|Any CPU
		{C49F2F37-6413-4D39-8602-A0A9E34A06D5}.Debug|Any CPU.ActiveCfg = Debug|Any CPU
		{C49F2F37-6413-4D39-8602-A0A9E34A06D5}.Debug|Any CPU.Build.0 = Debug|Any CPU
		{C49F2F37-6413-4D39-8602-A0A9E34A06D5}.Release|Any CPU.ActiveCfg = Release|Any CPU
		{C49F2F37-6413-4D39-8602-A0A9E34A06D5}.Release|Any CPU.Build.0 = Release|Any CPU
		{D5866461-416A-4841-8F44-544908A0DD25}.Debug|Any CPU.ActiveCfg = Debug|Any CPU
		{D5866461-416A-4841-8F44-544908A0DD25}.Debug|Any CPU.Build.0 = Debug|Any CPU
		{D5866461-416A-4841-8F44-544908A0DD25}.Release|Any CPU.ActiveCfg = Release|Any CPU
		{D5866461-416A-4841-8F44-544908A0DD25}.Release|Any CPU.Build.0 = Release|Any CPU
	EndGlobalSection
	GlobalSection(SolutionProperties) = preSolution
		HideSolutionNode = FALSE
	EndGlobalSection
EndGlobal
